{
  "originHash" : "c1221f156ea7fec297083e20dcea74282ecdb3d195e25c478a3d7057e977dc45",
  "pins" : [
    {
      "identity" : "sonar-ios-sdk",
      "kind" : "remoteSourceControl",
      "location" : "https://github.com/Sonar-Health/sonar-ios-sdk.git",
      "state" : {
        "revision" : "aeb06157c9d203084874992cea55672b8ebe11e2",
        "version" : "0.1.1"
      }
    }
  ],
  "version" : 3
}
